
Microsoft Visual Studio Solution File, Format Version 12.00
# Visual Studio Version 16
VisualStudioVersion = 16.0.31605.320
MinimumVisualStudioVersion = 10.0.40219.1
Project("{8BC9CEB8-8B4A-11D0-8D11-00A0C91BC942}") = "OS07_01", "OS07_01\OS07_01.vcxproj", "{A553F7D4-E0F0-4445-87CC-D970EAA75B80}"
EndProject
Project("{8BC9CEB8-8B4A-11D0-8D11-00A0C91BC942}") = "OS07_02", "OS07_02\OS07_02.vcxproj", "{59E9BAD3-1E44-4EAB-BFAE-5946C902B70D}"
EndProject
Project("{8BC9CEB8-8B4A-11D0-8D11-00A0C91BC942}") = "OS07_03", "OS07_03\OS07_03.vcxproj", "{CCB1381D-2BDF-46A8-9341-1A387F9A47B5}"
EndProject
Project("{8BC9CEB8-8B4A-11D0-8D11-00A0C91BC942}") = "OS07_03A", "OS07_03A\OS07_03A.vcxproj", "{A88AFA6F-75C3-4C30-A32E-A70FB18705D3}"
EndProject
Project("{8BC9CEB8-8B4A-11D0-8D11-00A0C91BC942}") = "OS07_03B", "OS07_03B\OS07_03B.vcxproj", "{F8CC8697-17D1-4129-8ECA-84C747B80528}"
EndProject
Project("{8BC9CEB8-8B4A-11D0-8D11-00A0C91BC942}") = "OS07_05", "OS07_05\OS07_05.vcxproj", "{C3FCEEAD-3A5D-4DBA-BD6E-33854B875A62}"
EndProject
Project("{8BC9CEB8-8B4A-11D0-8D11-00A0C91BC942}") = "OS07_05A", "OS07_05A\OS07_05A.vcxproj", "{1BBAA0EC-49D5-42CD-92A5-EE5832AD5FD5}"
EndProject
Project("{8BC9CEB8-8B4A-11D0-8D11-00A0C91BC942}") = "OS07_05B", "OS07_05B\OS07_05B.vcxproj", "{3CD9BACE-A9B7-4CA8-B286-36E7975725E2}"
EndProject
Project("{8BC9CEB8-8B4A-11D0-8D11-00A0C91BC942}") = "OS07_04", "OS07_04\OS07_04.vcxproj", "{E2A0B9B6-EEA6-4531-A7EC-0C0D01D8E621}"
EndProject
Project("{8BC9CEB8-8B4A-11D0-8D11-00A0C91BC942}") = "OS07_04A", "OS07_04A\OS07_04A.vcxproj", "{A008F07A-605B-4CDE-9D9C-66494349F797}"
EndProject
Project("{8BC9CEB8-8B4A-11D0-8D11-00A0C91BC942}") = "OS07_04B", "OS07_04B\OS07_04B.vcxproj", "{68334E4D-CA30-4992-84FF-F7B2EB961D3E}"
EndProject
Project("{8BC9CEB8-8B4A-11D0-8D11-00A0C91BC942}") = "S07_06", "S07_06\S07_06.vcxproj", "{E6247142-CA11-457D-8E71-8BC20CC58D7F}"
EndProject
Global
	GlobalSection(SolutionConfigurationPlatforms) = preSolution
		Debug|x64 = Debug|x64
		Debug|x86 = Debug|x86
		Release|x64 = Release|x64
		Release|x86 = Release|x86
	EndGlobalSection
	GlobalSection(ProjectConfigurationPlatforms) = postSolution
		{A553F7D4-E0F0-4445-87CC-D970EAA75B80}.Debug|x64.ActiveCfg = Debug|x64
		{A553F7D4-E0F0-4445-87CC-D970EAA75B80}.Debug|x64.Build.0 = Debug|x64
		{A553F7D4-E0F0-4445-87CC-D970EAA75B80}.Debug|x86.ActiveCfg = Debug|Win32
		{A553F7D4-E0F0-4445-87CC-D970EAA75B80}.Debug|x86.Build.0 = Debug|Win32
		{A553F7D4-E0F0-4445-87CC-D970EAA75B80}.Release|x64.ActiveCfg = Release|x64
		{A553F7D4-E0F0-4445-87CC-D970EAA75B80}.Release|x64.Build.0 = Release|x64
		{A553F7D4-E0F0-4445-87CC-D970EAA75B80}.Release|x86.ActiveCfg = Release|Win32
		{A553F7D4-E0F0-4445-87CC-D970EAA75B80}.Release|x86.Build.0 = Release|Win32
		{59E9BAD3-1E44-4EAB-BFAE-5946C902B70D}.Debug|x64.ActiveCfg = Debug|x64
		{59E9BAD3-1E44-4EAB-BFAE-5946C902B70D}.Debug|x64.Build.0 = Debug|x64
		{59E9BAD3-1E44-4EAB-BFAE-5946C902B70D}.Debug|x86.ActiveCfg = Debug|Win32
		{59E9BAD3-1E44-4EAB-BFAE-5946C902B70D}.Debug|x86.Build.0 = Debug|Win32
		{59E9BAD3-1E44-4EAB-BFAE-5946C902B70D}.Release|x64.ActiveCfg = Release|x64
		{59E9BAD3-1E44-4EAB-BFAE-5946C902B70D}.Release|x64.Build.0 = Release|x64
		{59E9BAD3-1E44-4EAB-BFAE-5946C902B70D}.Release|x86.ActiveCfg = Release|Win32
		{59E9BAD3-1E44-4EAB-BFAE-5946C902B70D}.Release|x86.Build.0 = Release|Win32
		{CCB1381D-2BDF-46A8-9341-1A387F9A47B5}.Debug|x64.ActiveCfg = Debug|x64
		{CCB1381D-2BDF-46A8-9341-1A387F9A47B5}.Debug|x64.Build.0 = Debug|x64
		{CCB1381D-2BDF-46A8-9341-1A387F9A47B5}.Debug|x86.ActiveCfg = Debug|Win32
		{CCB1381D-2BDF-46A8-9341-1A387F9A47B5}.Debug|x86.Build.0 = Debug|Win32
		{CCB1381D-2BDF-46A8-9341-1A387F9A47B5}.Release|x64.ActiveCfg = Release|x64
		{CCB1381D-2BDF-46A8-9341-1A387F9A47B5}.Release|x64.Build.0 = Release|x64
		{CCB1381D-2BDF-46A8-9341-1A387F9A47B5}.Release|x86.ActiveCfg = Release|Win32
		{CCB1381D-2BDF-46A8-9341-1A387F9A47B5}.Release|x86.Build.0 = Release|Win32
		{A88AFA6F-75C3-4C30-A32E-A70FB18705D3}.Debug|x64.ActiveCfg = Debug|x64
		{A88AFA6F-75C3-4C30-A32E-A70FB18705D3}.Debug|x64.Build.0 = Debug|x64
		{A88AFA6F-75C3-4C30-A32E-A70FB18705D3}.Debug|x86.ActiveCfg = Debug|Win32
		{A88AFA6F-75C3-4C30-A32E-A70FB18705D3}.Debug|x86.Build.0 = Debug|Win32
		{A88AFA6F-75C3-4C30-A32E-A70FB18705D3}.Release|x64.ActiveCfg = Release|x64
		{A88AFA6F-75C3-4C30-A32E-A70FB18705D3}.Release|x64.Build.0 = Release|x64
		{A88AFA6F-75C3-4C30-A32E-A70FB18705D3}.Release|x86.ActiveCfg = Release|Win32
		{A88AFA6F-75C3-4C30-A32E-A70FB18705D3}.Release|x86.Build.0 = Release|Win32
		{F8CC8697-17D1-4129-8ECA-84C747B80528}.Debug|x64.ActiveCfg = Debug|x64
		{F8CC8697-17D1-4129-8ECA-84C747B80528}.Debug|x64.Build.0 = Debug|x64
		{F8CC8697-17D1-4129-8ECA-84C747B80528}.Debug|x86.ActiveCfg = Debug|Win32
		{F8CC8697-17D1-4129-8ECA-84C747B80528}.Debug|x86.Build.0 = Debug|Win32
		{F8CC8697-17D1-4129-8ECA-84C747B80528}.Release|x64.ActiveCfg = Release|x64
		{F8CC8697-17D1-4129-8ECA-84C747B80528}.Release|x64.Build.0 = Release|x64
		{F8CC8697-17D1-4129-8ECA-84C747B80528}.Release|x86.ActiveCfg = Release|Win32
		{F8CC8697-17D1-4129-8ECA-84C747B80528}.Release|x86.Build.0 = Release|Win32
		{C3FCEEAD-3A5D-4DBA-BD6E-33854B875A62}.Debug|x64.ActiveCfg = Debug|x64
		{C3FCEEAD-3A5D-4DBA-BD6E-33854B875A62}.Debug|x64.Build.0 = Debug|x64
		{C3FCEEAD-3A5D-4DBA-BD6E-33854B875A62}.Debug|x86.ActiveCfg = Debug|Win32
		{C3FCEEAD-3A5D-4DBA-BD6E-33854B875A62}.Debug|x86.Build.0 = Debug|Win32
		{C3FCEEAD-3A5D-4DBA-BD6E-33854B875A62}.Release|x64.ActiveCfg = Release|x64
		{C3FCEEAD-3A5D-4DBA-BD6E-33854B875A62}.Release|x64.Build.0 = Release|x64
		{C3FCEEAD-3A5D-4DBA-BD6E-33854B875A62}.Release|x86.ActiveCfg = Release|Win32
		{C3FCEEAD-3A5D-4DBA-BD6E-33854B875A62}.Release|x86.Build.0 = Release|Win32
		{1BBAA0EC-49D5-42CD-92A5-EE5832AD5FD5}.Debug|x64.ActiveCfg = Debug|x64
		{1BBAA0EC-49D5-42CD-92A5-EE5832AD5FD5}.Debug|x64.Build.0 = Debug|x64
		{1BBAA0EC-49D5-42CD-92A5-EE5832AD5FD5}.Debug|x86.ActiveCfg = Debug|Win32
		{1BBAA0EC-49D5-42CD-92A5-EE5832AD5FD5}.Debug|x86.Build.0 = Debug|Win32
		{1BBAA0EC-49D5-42CD-92A5-EE5832AD5FD5}.Release|x64.ActiveCfg = Release|x64
		{1BBAA0EC-49D5-42CD-92A5-EE5832AD5FD5}.Release|x64.Build.0 = Release|x64
		{1BBAA0EC-49D5-42CD-92A5-EE5832AD5FD5}.Release|x86.ActiveCfg = Release|Win32
		{1BBAA0EC-49D5-42CD-92A5-EE5832AD5FD5}.Release|x86.Build.0 = Release|Win32
		{3CD9BACE-A9B7-4CA8-B286-36E7975725E2}.Debug|x64.ActiveCfg = Debug|x64
		{3CD9BACE-A9B7-4CA8-B286-36E7975725E2}.Debug|x64.Build.0 = Debug|x64
		{3CD9BACE-A9B7-4CA8-B286-36E7975725E2}.Debug|x86.ActiveCfg = Debug|Win32
		{3CD9BACE-A9B7-4CA8-B286-36E7975725E2}.Debug|x86.Build.0 = Debug|Win32
		{3CD9BACE-A9B7-4CA8-B286-36E7975725E2}.Release|x64.ActiveCfg = Release|x64
		{3CD9BACE-A9B7-4CA8-B286-36E7975725E2}.Release|x64.Build.0 = Release|x64
		{3CD9BACE-A9B7-4CA8-B286-36E7975725E2}.Release|x86.ActiveCfg = Release|Win32
		{3CD9BACE-A9B7-4CA8-B286-36E7975725E2}.Release|x86.Build.0 = Release|Win32
		{E2A0B9B6-EEA6-4531-A7EC-0C0D01D8E621}.Debug|x64.ActiveCfg = Debug|x64
		{E2A0B9B6-EEA6-4531-A7EC-0C0D01D8E621}.Debug|x64.Build.0 = Debug|x64
		{E2A0B9B6-EEA6-4531-A7EC-0C0D01D8E621}.Debug|x86.ActiveCfg = Debug|Win32
		{E2A0B9B6-EEA6-4531-A7EC-0C0D01D8E621}.Debug|x86.Build.0 = Debug|Win32
		{E2A0B9B6-EEA6-4531-A7EC-0C0D01D8E621}.Release|x64.ActiveCfg = Release|x64
		{E2A0B9B6-EEA6-4531-A7EC-0C0D01D8E621}.Release|x64.Build.0 = Release|x64
		{E2A0B9B6-EEA6-4531-A7EC-0C0D01D8E621}.Release|x86.ActiveCfg = Release|Win32
		{E2A0B9B6-EEA6-4531-A7EC-0C0D01D8E621}.Release|x86.Build.0 = Release|Win32
		{A008F07A-605B-4CDE-9D9C-66494349F797}.Debug|x64.ActiveCfg = Debug|x64
		{A008F07A-605B-4CDE-9D9C-66494349F797}.Debug|x64.Build.0 = Debug|x64
		{A008F07A-605B-4CDE-9D9C-66494349F797}.Debug|x86.ActiveCfg = Debug|Win32
		{A008F07A-605B-4CDE-9D9C-66494349F797}.Debug|x86.Build.0 = Debug|Win32
		{A008F07A-605B-4CDE-9D9C-66494349F797}.Release|x64.ActiveCfg = Release|x64
		{A008F07A-605B-4CDE-9D9C-66494349F797}.Release|x64.Build.0 = Release|x64
		{A008F07A-605B-4CDE-9D9C-66494349F797}.Release|x86.ActiveCfg = Release|Win32
		{A008F07A-605B-4CDE-9D9C-66494349F797}.Release|x86.Build.0 = Release|Win32
		{68334E4D-CA30-4992-84FF-F7B2EB961D3E}.Debug|x64.ActiveCfg = Debug|x64
		{68334E4D-CA30-4992-84FF-F7B2EB961D3E}.Debug|x64.Build.0 = Debug|x64
		{68334E4D-CA30-4992-84FF-F7B2EB961D3E}.Debug|x86.ActiveCfg = Debug|Win32
		{68334E4D-CA30-4992-84FF-F7B2EB961D3E}.Debug|x86.Build.0 = Debug|Win32
		{68334E4D-CA30-4992-84FF-F7B2EB961D3E}.Release|x64.ActiveCfg = Release|x64
		{68334E4D-CA30-4992-84FF-F7B2EB961D3E}.Release|x64.Build.0 = Release|x64
		{68334E4D-CA30-4992-84FF-F7B2EB961D3E}.Release|x86.ActiveCfg = Release|Win32
		{68334E4D-CA30-4992-84FF-F7B2EB961D3E}.Release|x86.Build.0 = Release|Win32
		{E6247142-CA11-457D-8E71-8BC20CC58D7F}.Debug|x64.ActiveCfg = Debug|x64
		{E6247142-CA11-457D-8E71-8BC20CC58D7F}.Debug|x64.Build.0 = Debug|x64
		{E6247142-CA11-457D-8E71-8BC20CC58D7F}.Debug|x86.ActiveCfg = Debug|Win32
		{E6247142-CA11-457D-8E71-8BC20CC58D7F}.Debug|x86.Build.0 = Debug|Win32
		{E6247142-CA11-457D-8E71-8BC20CC58D7F}.Release|x64.ActiveCfg = Release|x64
		{E6247142-CA11-457D-8E71-8BC20CC58D7F}.Release|x64.Build.0 = Release|x64
		{E6247142-CA11-457D-8E71-8BC20CC58D7F}.Release|x86.ActiveCfg = Release|Win32
		{E6247142-CA11-457D-8E71-8BC20CC58D7F}.Release|x86.Build.0 = Release|Win32
	EndGlobalSection
	GlobalSection(SolutionProperties) = preSolution
		HideSolutionNode = FALSE
	EndGlobalSection
	GlobalSection(ExtensibilityGlobals) = postSolution
		SolutionGuid = {D666F9DC-A2F3-4EF9-99BD-7AB613885FDD}
	EndGlobalSection
EndGlobal
